pJkDy1mSoJcn0y6vUvqJZv3A3gJ44u1yeEMOxgVQKMi/MTHi+v0P5PZZWX+vkB5n9O1cDk7XOYAMu7PzHMtfhth5pwAXd3GfavQOAt1rz8fp1Kt6zkZcKO1xbZYWbUV3mZHjttapdG+zWGwbmBPia4RqgriJ8X4qEK3Zi4ZERMy5lZbQNvX8pL7Ew+KJYdlA/46+R2U6G9gfKDQ0W+NkKZdRJLZS3LywrIoJEMLNfk6sK6SIoAH1r3T2/l9QuoRLQAZxYoIPeYFdR9CdSAsyn28R6vMn/3lW9G/Pis745JSrcRFIgv4cJUWOihoElCxLuUtPlMxu7yRbRzLjwqOnldx/HBjzlMNpG+/z+hnb3cUOC+p39RCd/0GoIKr05YdUh9ZgOQdcilwfKlIx2Ly62E0DCVQmsqQzTTPXQ8tSKJWz0yVFf9yfQz2EOpkwq1VKa2BSNHWFsGXmbg==
